
Microsoft Visual Studio Solution File, Format Version 12.00
# Visual Studio Version 17
VisualStudioVersion = 17.13.35919.96 d17.13
MinimumVisualStudioVersion = 10.0.40219.1
Project("{FAE04EC0-301F-11D3-BF4B-00C04F79EFBC}") = "StudentApp", "StudentApp.csproj", "{D40F7B7D-E9C4-498B-A2EC-CA596331E1EA}"
EndProject
Global
	GlobalSection(SolutionConfigurationPlatforms) = preSolution
		Debug|Any CPU = Debug|Any CPU
		Release|Any CPU = Release|Any CPU
	EndGlobalSection
	GlobalSection(ProjectConfigurationPlatforms) = postSolution
		{D40F7B7D-E9C4-498B-A2EC-CA596331E1EA}.Debug|Any CPU.ActiveCfg = Debug|Any CPU
		{D40F7B7D-E9C4-498B-A2EC-CA596331E1EA}.Debug|Any CPU.Build.0 = Debug|Any CPU
		{D40F7B7D-E9C4-498B-A2EC-CA596331E1EA}.Release|Any CPU.ActiveCfg = Release|Any CPU
		{D40F7B7D-E9C4-498B-A2EC-CA596331E1EA}.Release|Any CPU.Build.0 = Release|Any CPU
	EndGlobalSection
	GlobalSection(SolutionProperties) = preSolution
		HideSolutionNode = FALSE
	EndGlobalSection
	GlobalSection(ExtensibilityGlobals) = postSolution
		SolutionGuid = {81BA09A8-4A1F-4640-AB93-DEDA278823B7}
	EndGlobalSection
EndGlobal
