
Microsoft Visual Studio Solution File, Format Version 12.00
# Visual Studio Version 17
VisualStudioVersion = 17.13.35919.96 d17.13
MinimumVisualStudioVersion = 10.0.40219.1
Project("{FAE04EC0-301F-11D3-BF4B-00C04F79EFBC}") = "JobProviderSolution", "JobProviderSolution.csproj", "{7A3DC50F-9494-47BB-ABD0-9FA2A283A36F}"
EndProject
Global
	GlobalSection(SolutionConfigurationPlatforms) = preSolution
		Debug|Any CPU = Debug|Any CPU
		Release|Any CPU = Release|Any CPU
	EndGlobalSection
	GlobalSection(ProjectConfigurationPlatforms) = postSolution
		{7A3DC50F-9494-47BB-ABD0-9FA2A283A36F}.Debug|Any CPU.ActiveCfg = Debug|Any CPU
		{7A3DC50F-9494-47BB-ABD0-9FA2A283A36F}.Debug|Any CPU.Build.0 = Debug|Any CPU
		{7A3DC50F-9494-47BB-ABD0-9FA2A283A36F}.Release|Any CPU.ActiveCfg = Release|Any CPU
		{7A3DC50F-9494-47BB-ABD0-9FA2A283A36F}.Release|Any CPU.Build.0 = Release|Any CPU
	EndGlobalSection
	GlobalSection(SolutionProperties) = preSolution
		HideSolutionNode = FALSE
	EndGlobalSection
	GlobalSection(ExtensibilityGlobals) = postSolution
		SolutionGuid = {9A292824-F0E0-456D-BDCF-25FDB9F00DA5}
	EndGlobalSection
EndGlobal
