
Microsoft Visual Studio Solution File, Format Version 12.00
# Visual Studio Version 17
VisualStudioVersion = 17.13.35919.96 d17.13
MinimumVisualStudioVersion = 10.0.40219.1
Project("{FAE04EC0-301F-11D3-BF4B-00C04F79EFBC}") = "JobProviderSolution", "JobProviderSolution.csproj", "{A883B59E-3F3F-45B3-8B0E-62ABB4F2D515}"
EndProject
Global
	GlobalSection(SolutionConfigurationPlatforms) = preSolution
		Debug|Any CPU = Debug|Any CPU
		Release|Any CPU = Release|Any CPU
	EndGlobalSection
	GlobalSection(ProjectConfigurationPlatforms) = postSolution
		{A883B59E-3F3F-45B3-8B0E-62ABB4F2D515}.Debug|Any CPU.ActiveCfg = Debug|Any CPU
		{A883B59E-3F3F-45B3-8B0E-62ABB4F2D515}.Debug|Any CPU.Build.0 = Debug|Any CPU
		{A883B59E-3F3F-45B3-8B0E-62ABB4F2D515}.Release|Any CPU.ActiveCfg = Release|Any CPU
		{A883B59E-3F3F-45B3-8B0E-62ABB4F2D515}.Release|Any CPU.Build.0 = Release|Any CPU
	EndGlobalSection
	GlobalSection(SolutionProperties) = preSolution
		HideSolutionNode = FALSE
	EndGlobalSection
	GlobalSection(ExtensibilityGlobals) = postSolution
		SolutionGuid = {9BA2B86F-D981-43E1-A4FF-F31EEB6C2228}
	EndGlobalSection
EndGlobal
